
Microsoft Visual Studio Solution File, Format Version 12.00
# Visual Studio Version 17
VisualStudioVersion = 17.2.32630.192
MinimumVisualStudioVersion = 10.0.40219.1
Project("{FAE04EC0-301F-11D3-BF4B-00C04F79EFBC}") = "Task_7", "Task_5.1\Task_7.csproj", "{A974DACF-6033-4B3E-A9A2-9DFD07166B9D}"
EndProject
Global
	GlobalSection(SolutionConfigurationPlatforms) = preSolution
		Debug|Any CPU = Debug|Any CPU
		Release|Any CPU = Release|Any CPU
	EndGlobalSection
	GlobalSection(ProjectConfigurationPlatforms) = postSolution
		{A974DACF-6033-4B3E-A9A2-9DFD07166B9D}.Debug|Any CPU.ActiveCfg = Debug|Any CPU
		{A974DACF-6033-4B3E-A9A2-9DFD07166B9D}.Debug|Any CPU.Build.0 = Debug|Any CPU
		{A974DACF-6033-4B3E-A9A2-9DFD07166B9D}.Release|Any CPU.ActiveCfg = Release|Any CPU
		{A974DACF-6033-4B3E-A9A2-9DFD07166B9D}.Release|Any CPU.Build.0 = Release|Any CPU
	EndGlobalSection
	GlobalSection(SolutionProperties) = preSolution
		HideSolutionNode = FALSE
	EndGlobalSection
	GlobalSection(ExtensibilityGlobals) = postSolution
		SolutionGuid = {2DA0D42B-BC42-4AE3-99B5-50735DDED6E6}
	EndGlobalSection
EndGlobal
